
Microsoft Visual Studio Solution File, Format Version 12.00
# Visual Studio Version 16
VisualStudioVersion = 16.0.31019.35
MinimumVisualStudioVersion = 10.0.40219.1
Project("{FAE04EC0-301F-11D3-BF4B-00C04F79EFBC}") = "RCS", "RCS.csproj", "{AB1EAD11-6168-4D80-9AD9-FBCB273EA047}"
EndProject
Global
	GlobalSection(SolutionConfigurationPlatforms) = preSolution
		Debug|Any CPU = Debug|Any CPU
		Release|Any CPU = Release|Any CPU
	EndGlobalSection
	GlobalSection(ProjectConfigurationPlatforms) = postSolution
		{AB1EAD11-6168-4D80-9AD9-FBCB273EA047}.Debug|Any CPU.ActiveCfg = Debug|Any CPU
		{AB1EAD11-6168-4D80-9AD9-FBCB273EA047}.Debug|Any CPU.Build.0 = Debug|Any CPU
		{AB1EAD11-6168-4D80-9AD9-FBCB273EA047}.Release|Any CPU.ActiveCfg = Release|Any CPU
		{AB1EAD11-6168-4D80-9AD9-FBCB273EA047}.Release|Any CPU.Build.0 = Release|Any CPU
	EndGlobalSection
	GlobalSection(SolutionProperties) = preSolution
		HideSolutionNode = FALSE
	EndGlobalSection
	GlobalSection(ExtensibilityGlobals) = postSolution
		SolutionGuid = {AECFF225-A6D5-4553-941E-AA70904CDEA2}
	EndGlobalSection
EndGlobal
